
Microsoft Visual Studio Solution File, Format Version 12.00
# Visual Studio Version 16
VisualStudioVersion = 16.0.31702.278
MinimumVisualStudioVersion = 10.0.40219.1
Project("{9A19103F-16F7-4668-BE54-9A1E7A4F7556}") = "AdventOfCode", "2021\AdventOfCode\AdventOfCode.csproj", "{044360D9-148A-4D06-8904-DB7D14A3E828}"
EndProject
Project("{FAE04EC0-301F-11D3-BF4B-00C04F79EFBC}") = "Day05Plot", "2021\Day05Plot\Day05Plot.csproj", "{92E9CE25-A86B-47E7-93BC-32A4961304F8}"
EndProject
Project("{FAE04EC0-301F-11D3-BF4B-00C04F79EFBC}") = "Day06", "2021\Day06\Day06.csproj", "{A7B05D1D-E61B-4CE7-986C-07E0EC051938}"
EndProject
Project("{FAE04EC0-301F-11D3-BF4B-00C04F79EFBC}") = "Day07", "2021\Day07\Day07.csproj", "{CC6772FB-50D3-47A0-930C-D0560660ADA2}"
EndProject
Project("{FAE04EC0-301F-11D3-BF4B-00C04F79EFBC}") = "Day1", "2020\Day1\Day1.csproj", "{513B8CCA-7E08-4140-8A3F-177A231D7B4E}"
EndProject
Project("{2150E333-8FDC-42A3-9474-1A3956D46DE8}") = "2020", "2020", "{2FB13BFF-BCDB-4D66-BB2C-6D9F6432F071}"
EndProject
Project("{FAE04EC0-301F-11D3-BF4B-00C04F79EFBC}") = "Day2", "2020\Day2\Day2.csproj", "{F89B5329-AF3F-4798-B3F1-D6A3DA96C4E1}"
EndProject
Project("{FAE04EC0-301F-11D3-BF4B-00C04F79EFBC}") = "Day3", "2020\Day3\Day3.csproj", "{333AF652-5A04-4300-AF54-AF8AE89705D2}"
EndProject
Project("{2150E333-8FDC-42A3-9474-1A3956D46DE8}") = "2021", "2021", "{577C526F-B3ED-4B0F-BD59-A1530ADA2657}"
EndProject
Project("{FAE04EC0-301F-11D3-BF4B-00C04F79EFBC}") = "Day08", "2021\Day08\Day08.csproj", "{EC12432F-E671-4EB8-AE1D-841D1126014E}"
EndProject
Project("{FAE04EC0-301F-11D3-BF4B-00C04F79EFBC}") = "Day09", "2021\Day09\Day09.csproj", "{9555DA3E-FFCF-41F3-9D53-41ED6ABA414C}"
EndProject
Project("{FAE04EC0-301F-11D3-BF4B-00C04F79EFBC}") = "Day10", "2021\Day10\Day10.csproj", "{D574F71D-B966-44EC-983B-F8C761B2C0B6}"
EndProject
Project("{FAE04EC0-301F-11D3-BF4B-00C04F79EFBC}") = "Day08Jpp", "2021\Day08Jpp\Day08Jpp.csproj", "{18A32884-9515-4532-AF81-E3082542F837}"
EndProject
Project("{FAE04EC0-301F-11D3-BF4B-00C04F79EFBC}") = "Day11", "2021\Day11\Day11.csproj", "{3E82B516-5C5A-4D4D-8959-14B687FB7C61}"
EndProject
Project("{FAE04EC0-301F-11D3-BF4B-00C04F79EFBC}") = "Day01", "2021\Day01\Day01.csproj", "{8E7EF96D-9A61-4C5A-B781-FF25EEFB4295}"
EndProject
Project("{FAE04EC0-301F-11D3-BF4B-00C04F79EFBC}") = "Day02", "2021\Day02\Day02.csproj", "{BB01E4D5-EEA3-4EA0-942B-B106459BBFEF}"
EndProject
Project("{FAE04EC0-301F-11D3-BF4B-00C04F79EFBC}") = "Day03", "2021\Day03\Day03.csproj", "{D3D62E64-63D6-4E8C-B0E6-4F095B196733}"
EndProject
Project("{FAE04EC0-301F-11D3-BF4B-00C04F79EFBC}") = "Day04", "2021\Day04\Day04.csproj", "{472381AE-257E-45AF-8578-5AF3271E4641}"
EndProject
Project("{FAE04EC0-301F-11D3-BF4B-00C04F79EFBC}") = "Day05", "2021\Day05\Day05.csproj", "{E64F98A7-4100-462C-AEAD-B86EB428AE40}"
EndProject
Project("{FAE04EC0-301F-11D3-BF4B-00C04F79EFBC}") = "Day12", "2021\Day12\Day12.csproj", "{C7EB8241-EEB6-4818-865E-00ECCDC07F01}"
EndProject
Project("{FAE04EC0-301F-11D3-BF4B-00C04F79EFBC}") = "Day13", "2021\Day13\Day13.csproj", "{794B8B2D-DA9B-4E8A-B043-205FF63F9CE1}"
EndProject
Project("{FAE04EC0-301F-11D3-BF4B-00C04F79EFBC}") = "Day14", "2021\Day14\Day14.csproj", "{D77E75FB-A594-43BB-BA42-218BE7E779E5}"
EndProject
Project("{FAE04EC0-301F-11D3-BF4B-00C04F79EFBC}") = "Day15", "2021\Day15\Day15.csproj", "{8905264E-B9F1-4FAF-A845-74E1D0B6A80B}"
EndProject
Project("{FAE04EC0-301F-11D3-BF4B-00C04F79EFBC}") = "Day16", "2021\Day16\Day16.csproj", "{40254FD4-E196-400E-B3ED-6DF41E48E91F}"
EndProject
Project("{FAE04EC0-301F-11D3-BF4B-00C04F79EFBC}") = "Day17", "2021\Day17\Day17.csproj", "{1E18FD0C-7E4F-4F31-81E4-6B28C3962512}"
EndProject
Project("{FAE04EC0-301F-11D3-BF4B-00C04F79EFBC}") = "Day18", "2021\Day18\Day18.csproj", "{45E5D36A-BCAE-4B6D-9487-CBA14D4AA762}"
EndProject
Project("{FAE04EC0-301F-11D3-BF4B-00C04F79EFBC}") = "Day19", "2021\Day19\Day19.csproj", "{65854C25-1279-41F6-8C8F-69B9264F080C}"
EndProject
Project("{FAE04EC0-301F-11D3-BF4B-00C04F79EFBC}") = "Day20", "2021\Day20\Day20.csproj", "{C5C406ED-DA54-4EB8-97BB-4CA4CB3F227A}"
EndProject
Project("{FAE04EC0-301F-11D3-BF4B-00C04F79EFBC}") = "Day21", "2021\Day21\Day21.csproj", "{08F0F29D-BD91-4D8E-8DF9-E1A32DC945B1}"
EndProject
Project("{FAE04EC0-301F-11D3-BF4B-00C04F79EFBC}") = "Day22", "2021\Day22\Day22.csproj", "{BDC7BD03-A313-4AB1-A61B-96CC6FF319D0}"
EndProject
Project("{FAE04EC0-301F-11D3-BF4B-00C04F79EFBC}") = "Day23", "2021\Day23\Day23.csproj", "{C1348122-76E9-4B09-BED5-861F95464A2F}"
EndProject
Project("{FAE04EC0-301F-11D3-BF4B-00C04F79EFBC}") = "Day24", "2021\Day24\Day24.csproj", "{397C0E44-C163-46BB-A66F-72D21769655D}"
EndProject
Project("{FAE04EC0-301F-11D3-BF4B-00C04F79EFBC}") = "Day25", "2021\Day25\Day25.csproj", "{044E2EAD-2615-4893-9368-818DB7AB8701}"
EndProject
Global
	GlobalSection(SolutionConfigurationPlatforms) = preSolution
		Debug|Any CPU = Debug|Any CPU
		Release|Any CPU = Release|Any CPU
	EndGlobalSection
	GlobalSection(ProjectConfigurationPlatforms) = postSolution
		{044360D9-148A-4D06-8904-DB7D14A3E828}.Debug|Any CPU.ActiveCfg = Debug|Any CPU
		{044360D9-148A-4D06-8904-DB7D14A3E828}.Debug|Any CPU.Build.0 = Debug|Any CPU
		{044360D9-148A-4D06-8904-DB7D14A3E828}.Release|Any CPU.ActiveCfg = Release|Any CPU
		{044360D9-148A-4D06-8904-DB7D14A3E828}.Release|Any CPU.Build.0 = Release|Any CPU
		{92E9CE25-A86B-47E7-93BC-32A4961304F8}.Debug|Any CPU.ActiveCfg = Debug|Any CPU
		{92E9CE25-A86B-47E7-93BC-32A4961304F8}.Debug|Any CPU.Build.0 = Debug|Any CPU
		{92E9CE25-A86B-47E7-93BC-32A4961304F8}.Release|Any CPU.ActiveCfg = Release|Any CPU
		{92E9CE25-A86B-47E7-93BC-32A4961304F8}.Release|Any CPU.Build.0 = Release|Any CPU
		{A7B05D1D-E61B-4CE7-986C-07E0EC051938}.Debug|Any CPU.ActiveCfg = Debug|Any CPU
		{A7B05D1D-E61B-4CE7-986C-07E0EC051938}.Debug|Any CPU.Build.0 = Debug|Any CPU
		{A7B05D1D-E61B-4CE7-986C-07E0EC051938}.Release|Any CPU.ActiveCfg = Release|Any CPU
		{A7B05D1D-E61B-4CE7-986C-07E0EC051938}.Release|Any CPU.Build.0 = Release|Any CPU
		{CC6772FB-50D3-47A0-930C-D0560660ADA2}.Debug|Any CPU.ActiveCfg = Debug|Any CPU
		{CC6772FB-50D3-47A0-930C-D0560660ADA2}.Debug|Any CPU.Build.0 = Debug|Any CPU
		{CC6772FB-50D3-47A0-930C-D0560660ADA2}.Release|Any CPU.ActiveCfg = Release|Any CPU
		{CC6772FB-50D3-47A0-930C-D0560660ADA2}.Release|Any CPU.Build.0 = Release|Any CPU
		{513B8CCA-7E08-4140-8A3F-177A231D7B4E}.Debug|Any CPU.ActiveCfg = Debug|Any CPU
		{513B8CCA-7E08-4140-8A3F-177A231D7B4E}.Debug|Any CPU.Build.0 = Debug|Any CPU
		{513B8CCA-7E08-4140-8A3F-177A231D7B4E}.Release|Any CPU.ActiveCfg = Release|Any CPU
		{513B8CCA-7E08-4140-8A3F-177A231D7B4E}.Release|Any CPU.Build.0 = Release|Any CPU
		{F89B5329-AF3F-4798-B3F1-D6A3DA96C4E1}.Debug|Any CPU.ActiveCfg = Debug|Any CPU
		{F89B5329-AF3F-4798-B3F1-D6A3DA96C4E1}.Debug|Any CPU.Build.0 = Debug|Any CPU
		{F89B5329-AF3F-4798-B3F1-D6A3DA96C4E1}.Release|Any CPU.ActiveCfg = Release|Any CPU
		{F89B5329-AF3F-4798-B3F1-D6A3DA96C4E1}.Release|Any CPU.Build.0 = Release|Any CPU
		{333AF652-5A04-4300-AF54-AF8AE89705D2}.Debug|Any CPU.ActiveCfg = Debug|Any CPU
		{333AF652-5A04-4300-AF54-AF8AE89705D2}.Debug|Any CPU.Build.0 = Debug|Any CPU
		{333AF652-5A04-4300-AF54-AF8AE89705D2}.Release|Any CPU.ActiveCfg = Release|Any CPU
		{333AF652-5A04-4300-AF54-AF8AE89705D2}.Release|Any CPU.Build.0 = Release|Any CPU
		{EC12432F-E671-4EB8-AE1D-841D1126014E}.Debug|Any CPU.ActiveCfg = Debug|Any CPU
		{EC12432F-E671-4EB8-AE1D-841D1126014E}.Debug|Any CPU.Build.0 = Debug|Any CPU
		{EC12432F-E671-4EB8-AE1D-841D1126014E}.Release|Any CPU.ActiveCfg = Release|Any CPU
		{EC12432F-E671-4EB8-AE1D-841D1126014E}.Release|Any CPU.Build.0 = Release|Any CPU
		{9555DA3E-FFCF-41F3-9D53-41ED6ABA414C}.Debug|Any CPU.ActiveCfg = Debug|Any CPU
		{9555DA3E-FFCF-41F3-9D53-41ED6ABA414C}.Debug|Any CPU.Build.0 = Debug|Any CPU
		{9555DA3E-FFCF-41F3-9D53-41ED6ABA414C}.Release|Any CPU.ActiveCfg = Release|Any CPU
		{9555DA3E-FFCF-41F3-9D53-41ED6ABA414C}.Release|Any CPU.Build.0 = Release|Any CPU
		{D574F71D-B966-44EC-983B-F8C761B2C0B6}.Debug|Any CPU.ActiveCfg = Debug|Any CPU
		{D574F71D-B966-44EC-983B-F8C761B2C0B6}.Debug|Any CPU.Build.0 = Debug|Any CPU
		{D574F71D-B966-44EC-983B-F8C761B2C0B6}.Release|Any CPU.ActiveCfg = Release|Any CPU
		{D574F71D-B966-44EC-983B-F8C761B2C0B6}.Release|Any CPU.Build.0 = Release|Any CPU
		{18A32884-9515-4532-AF81-E3082542F837}.Debug|Any CPU.ActiveCfg = Debug|Any CPU
		{18A32884-9515-4532-AF81-E3082542F837}.Debug|Any CPU.Build.0 = Debug|Any CPU
		{18A32884-9515-4532-AF81-E3082542F837}.Release|Any CPU.ActiveCfg = Release|Any CPU
		{18A32884-9515-4532-AF81-E3082542F837}.Release|Any CPU.Build.0 = Release|Any CPU
		{3E82B516-5C5A-4D4D-8959-14B687FB7C61}.Debug|Any CPU.ActiveCfg = Debug|Any CPU
		{3E82B516-5C5A-4D4D-8959-14B687FB7C61}.Debug|Any CPU.Build.0 = Debug|Any CPU
		{3E82B516-5C5A-4D4D-8959-14B687FB7C61}.Release|Any CPU.ActiveCfg = Release|Any CPU
		{3E82B516-5C5A-4D4D-8959-14B687FB7C61}.Release|Any CPU.Build.0 = Release|Any CPU
		{8E7EF96D-9A61-4C5A-B781-FF25EEFB4295}.Debug|Any CPU.ActiveCfg = Debug|Any CPU
		{8E7EF96D-9A61-4C5A-B781-FF25EEFB4295}.Debug|Any CPU.Build.0 = Debug|Any CPU
		{8E7EF96D-9A61-4C5A-B781-FF25EEFB4295}.Release|Any CPU.ActiveCfg = Release|Any CPU
		{8E7EF96D-9A61-4C5A-B781-FF25EEFB4295}.Release|Any CPU.Build.0 = Release|Any CPU
		{BB01E4D5-EEA3-4EA0-942B-B106459BBFEF}.Debug|Any CPU.ActiveCfg = Debug|Any CPU
		{BB01E4D5-EEA3-4EA0-942B-B106459BBFEF}.Debug|Any CPU.Build.0 = Debug|Any CPU
		{BB01E4D5-EEA3-4EA0-942B-B106459BBFEF}.Release|Any CPU.ActiveCfg = Release|Any CPU
		{BB01E4D5-EEA3-4EA0-942B-B106459BBFEF}.Release|Any CPU.Build.0 = Release|Any CPU
		{D3D62E64-63D6-4E8C-B0E6-4F095B196733}.Debug|Any CPU.ActiveCfg = Debug|Any CPU
		{D3D62E64-63D6-4E8C-B0E6-4F095B196733}.Debug|Any CPU.Build.0 = Debug|Any CPU
		{D3D62E64-63D6-4E8C-B0E6-4F095B196733}.Release|Any CPU.ActiveCfg = Release|Any CPU
		{D3D62E64-63D6-4E8C-B0E6-4F095B196733}.Release|Any CPU.Build.0 = Release|Any CPU
		{472381AE-257E-45AF-8578-5AF3271E4641}.Debug|Any CPU.ActiveCfg = Debug|Any CPU
		{472381AE-257E-45AF-8578-5AF3271E4641}.Debug|Any CPU.Build.0 = Debug|Any CPU
		{472381AE-257E-45AF-8578-5AF3271E4641}.Release|Any CPU.ActiveCfg = Release|Any CPU
		{472381AE-257E-45AF-8578-5AF3271E4641}.Release|Any CPU.Build.0 = Release|Any CPU
		{E64F98A7-4100-462C-AEAD-B86EB428AE40}.Debug|Any CPU.ActiveCfg = Debug|Any CPU
		{E64F98A7-4100-462C-AEAD-B86EB428AE40}.Debug|Any CPU.Build.0 = Debug|Any CPU
		{E64F98A7-4100-462C-AEAD-B86EB428AE40}.Release|Any CPU.ActiveCfg = Release|Any CPU
		{E64F98A7-4100-462C-AEAD-B86EB428AE40}.Release|Any CPU.Build.0 = Release|Any CPU
		{C7EB8241-EEB6-4818-865E-00ECCDC07F01}.Debug|Any CPU.ActiveCfg = Debug|Any CPU
		{C7EB8241-EEB6-4818-865E-00ECCDC07F01}.Debug|Any CPU.Build.0 = Debug|Any CPU
		{C7EB8241-EEB6-4818-865E-00ECCDC07F01}.Release|Any CPU.ActiveCfg = Release|Any CPU
		{C7EB8241-EEB6-4818-865E-00ECCDC07F01}.Release|Any CPU.Build.0 = Release|Any CPU
		{794B8B2D-DA9B-4E8A-B043-205FF63F9CE1}.Debug|Any CPU.ActiveCfg = Debug|Any CPU
		{794B8B2D-DA9B-4E8A-B043-205FF63F9CE1}.Debug|Any CPU.Build.0 = Debug|Any CPU
		{794B8B2D-DA9B-4E8A-B043-205FF63F9CE1}.Release|Any CPU.ActiveCfg = Release|Any CPU
		{794B8B2D-DA9B-4E8A-B043-205FF63F9CE1}.Release|Any CPU.Build.0 = Release|Any CPU
		{D77E75FB-A594-43BB-BA42-218BE7E779E5}.Debug|Any CPU.ActiveCfg = Debug|Any CPU
		{D77E75FB-A594-43BB-BA42-218BE7E779E5}.Debug|Any CPU.Build.0 = Debug|Any CPU
		{D77E75FB-A594-43BB-BA42-218BE7E779E5}.Release|Any CPU.ActiveCfg = Release|Any CPU
		{D77E75FB-A594-43BB-BA42-218BE7E779E5}.Release|Any CPU.Build.0 = Release|Any CPU
		{8905264E-B9F1-4FAF-A845-74E1D0B6A80B}.Debug|Any CPU.ActiveCfg = Debug|Any CPU
		{8905264E-B9F1-4FAF-A845-74E1D0B6A80B}.Debug|Any CPU.Build.0 = Debug|Any CPU
		{8905264E-B9F1-4FAF-A845-74E1D0B6A80B}.Release|Any CPU.ActiveCfg = Release|Any CPU
		{8905264E-B9F1-4FAF-A845-74E1D0B6A80B}.Release|Any CPU.Build.0 = Release|Any CPU
		{40254FD4-E196-400E-B3ED-6DF41E48E91F}.Debug|Any CPU.ActiveCfg = Debug|Any CPU
		{40254FD4-E196-400E-B3ED-6DF41E48E91F}.Debug|Any CPU.Build.0 = Debug|Any CPU
		{40254FD4-E196-400E-B3ED-6DF41E48E91F}.Release|Any CPU.ActiveCfg = Release|Any CPU
		{40254FD4-E196-400E-B3ED-6DF41E48E91F}.Release|Any CPU.Build.0 = Release|Any CPU
		{1E18FD0C-7E4F-4F31-81E4-6B28C3962512}.Debug|Any CPU.ActiveCfg = Debug|Any CPU
		{1E18FD0C-7E4F-4F31-81E4-6B28C3962512}.Debug|Any CPU.Build.0 = Debug|Any CPU
		{1E18FD0C-7E4F-4F31-81E4-6B28C3962512}.Release|Any CPU.ActiveCfg = Release|Any CPU
		{1E18FD0C-7E4F-4F31-81E4-6B28C3962512}.Release|Any CPU.Build.0 = Release|Any CPU
		{45E5D36A-BCAE-4B6D-9487-CBA14D4AA762}.Debug|Any CPU.ActiveCfg = Debug|Any CPU
		{45E5D36A-BCAE-4B6D-9487-CBA14D4AA762}.Debug|Any CPU.Build.0 = Debug|Any CPU
		{45E5D36A-BCAE-4B6D-9487-CBA14D4AA762}.Release|Any CPU.ActiveCfg = Release|Any CPU
		{45E5D36A-BCAE-4B6D-9487-CBA14D4AA762}.Release|Any CPU.Build.0 = Release|Any CPU
		{65854C25-1279-41F6-8C8F-69B9264F080C}.Debug|Any CPU.ActiveCfg = Debug|Any CPU
		{65854C25-1279-41F6-8C8F-69B9264F080C}.Debug|Any CPU.Build.0 = Debug|Any CPU
		{65854C25-1279-41F6-8C8F-69B9264F080C}.Release|Any CPU.ActiveCfg = Release|Any CPU
		{65854C25-1279-41F6-8C8F-69B9264F080C}.Release|Any CPU.Build.0 = Release|Any CPU
		{C5C406ED-DA54-4EB8-97BB-4CA4CB3F227A}.Debug|Any CPU.ActiveCfg = Debug|Any CPU
		{C5C406ED-DA54-4EB8-97BB-4CA4CB3F227A}.Debug|Any CPU.Build.0 = Debug|Any CPU
		{C5C406ED-DA54-4EB8-97BB-4CA4CB3F227A}.Release|Any CPU.ActiveCfg = Release|Any CPU
		{C5C406ED-DA54-4EB8-97BB-4CA4CB3F227A}.Release|Any CPU.Build.0 = Release|Any CPU
		{08F0F29D-BD91-4D8E-8DF9-E1A32DC945B1}.Debug|Any CPU.ActiveCfg = Debug|Any CPU
		{08F0F29D-BD91-4D8E-8DF9-E1A32DC945B1}.Debug|Any CPU.Build.0 = Debug|Any CPU
		{08F0F29D-BD91-4D8E-8DF9-E1A32DC945B1}.Release|Any CPU.ActiveCfg = Release|Any CPU
		{08F0F29D-BD91-4D8E-8DF9-E1A32DC945B1}.Release|Any CPU.Build.0 = Release|Any CPU
		{BDC7BD03-A313-4AB1-A61B-96CC6FF319D0}.Debug|Any CPU.ActiveCfg = Debug|Any CPU
		{BDC7BD03-A313-4AB1-A61B-96CC6FF319D0}.Debug|Any CPU.Build.0 = Debug|Any CPU
		{BDC7BD03-A313-4AB1-A61B-96CC6FF319D0}.Release|Any CPU.ActiveCfg = Release|Any CPU
		{BDC7BD03-A313-4AB1-A61B-96CC6FF319D0}.Release|Any CPU.Build.0 = Release|Any CPU
		{C1348122-76E9-4B09-BED5-861F95464A2F}.Debug|Any CPU.ActiveCfg = Debug|Any CPU
		{C1348122-76E9-4B09-BED5-861F95464A2F}.Debug|Any CPU.Build.0 = Debug|Any CPU
		{C1348122-76E9-4B09-BED5-861F95464A2F}.Release|Any CPU.ActiveCfg = Release|Any CPU
		{C1348122-76E9-4B09-BED5-861F95464A2F}.Release|Any CPU.Build.0 = Release|Any CPU
		{397C0E44-C163-46BB-A66F-72D21769655D}.Debug|Any CPU.ActiveCfg = Debug|Any CPU
		{397C0E44-C163-46BB-A66F-72D21769655D}.Debug|Any CPU.Build.0 = Debug|Any CPU
		{397C0E44-C163-46BB-A66F-72D21769655D}.Release|Any CPU.ActiveCfg = Release|Any CPU
		{397C0E44-C163-46BB-A66F-72D21769655D}.Release|Any CPU.Build.0 = Release|Any CPU
		{044E2EAD-2615-4893-9368-818DB7AB8701}.Debug|Any CPU.ActiveCfg = Debug|Any CPU
		{044E2EAD-2615-4893-9368-818DB7AB8701}.Debug|Any CPU.Build.0 = Debug|Any CPU
		{044E2EAD-2615-4893-9368-818DB7AB8701}.Release|Any CPU.ActiveCfg = Release|Any CPU
		{044E2EAD-2615-4893-9368-818DB7AB8701}.Release|Any CPU.Build.0 = Release|Any CPU
	EndGlobalSection
	GlobalSection(SolutionProperties) = preSolution
		HideSolutionNode = FALSE
	EndGlobalSection
	GlobalSection(ExtensibilityGlobals) = postSolution
		SolutionGuid = {199A9D17-063B-4C30-AA08-2F90CEE53AD6}
	EndGlobalSection
	GlobalSection(NestedProjects) = preSolution
		{513B8CCA-7E08-4140-8A3F-177A231D7B4E} = {2FB13BFF-BCDB-4D66-BB2C-6D9F6432F071}
		{F89B5329-AF3F-4798-B3F1-D6A3DA96C4E1} = {2FB13BFF-BCDB-4D66-BB2C-6D9F6432F071}
		{333AF652-5A04-4300-AF54-AF8AE89705D2} = {2FB13BFF-BCDB-4D66-BB2C-6D9F6432F071}
		{044360D9-148A-4D06-8904-DB7D14A3E828} = {577C526F-B3ED-4B0F-BD59-A1530ADA2657}
		{92E9CE25-A86B-47E7-93BC-32A4961304F8} = {577C526F-B3ED-4B0F-BD59-A1530ADA2657}
		{A7B05D1D-E61B-4CE7-986C-07E0EC051938} = {577C526F-B3ED-4B0F-BD59-A1530ADA2657}
		{CC6772FB-50D3-47A0-930C-D0560660ADA2} = {577C526F-B3ED-4B0F-BD59-A1530ADA2657}
		{EC12432F-E671-4EB8-AE1D-841D1126014E} = {577C526F-B3ED-4B0F-BD59-A1530ADA2657}
		{9555DA3E-FFCF-41F3-9D53-41ED6ABA414C} = {577C526F-B3ED-4B0F-BD59-A1530ADA2657}
		{D574F71D-B966-44EC-983B-F8C761B2C0B6} = {577C526F-B3ED-4B0F-BD59-A1530ADA2657}
		{18A32884-9515-4532-AF81-E3082542F837} = {577C526F-B3ED-4B0F-BD59-A1530ADA2657}
		{3E82B516-5C5A-4D4D-8959-14B687FB7C61} = {577C526F-B3ED-4B0F-BD59-A1530ADA2657}
		{8E7EF96D-9A61-4C5A-B781-FF25EEFB4295} = {577C526F-B3ED-4B0F-BD59-A1530ADA2657}
		{BB01E4D5-EEA3-4EA0-942B-B106459BBFEF} = {577C526F-B3ED-4B0F-BD59-A1530ADA2657}
		{D3D62E64-63D6-4E8C-B0E6-4F095B196733} = {577C526F-B3ED-4B0F-BD59-A1530ADA2657}
		{472381AE-257E-45AF-8578-5AF3271E4641} = {577C526F-B3ED-4B0F-BD59-A1530ADA2657}
		{E64F98A7-4100-462C-AEAD-B86EB428AE40} = {577C526F-B3ED-4B0F-BD59-A1530ADA2657}
		{C7EB8241-EEB6-4818-865E-00ECCDC07F01} = {577C526F-B3ED-4B0F-BD59-A1530ADA2657}
		{794B8B2D-DA9B-4E8A-B043-205FF63F9CE1} = {577C526F-B3ED-4B0F-BD59-A1530ADA2657}
		{D77E75FB-A594-43BB-BA42-218BE7E779E5} = {577C526F-B3ED-4B0F-BD59-A1530ADA2657}
		{8905264E-B9F1-4FAF-A845-74E1D0B6A80B} = {577C526F-B3ED-4B0F-BD59-A1530ADA2657}
		{40254FD4-E196-400E-B3ED-6DF41E48E91F} = {577C526F-B3ED-4B0F-BD59-A1530ADA2657}
		{1E18FD0C-7E4F-4F31-81E4-6B28C3962512} = {577C526F-B3ED-4B0F-BD59-A1530ADA2657}
		{45E5D36A-BCAE-4B6D-9487-CBA14D4AA762} = {577C526F-B3ED-4B0F-BD59-A1530ADA2657}
		{65854C25-1279-41F6-8C8F-69B9264F080C} = {577C526F-B3ED-4B0F-BD59-A1530ADA2657}
		{C5C406ED-DA54-4EB8-97BB-4CA4CB3F227A} = {577C526F-B3ED-4B0F-BD59-A1530ADA2657}
		{08F0F29D-BD91-4D8E-8DF9-E1A32DC945B1} = {577C526F-B3ED-4B0F-BD59-A1530ADA2657}
		{BDC7BD03-A313-4AB1-A61B-96CC6FF319D0} = {577C526F-B3ED-4B0F-BD59-A1530ADA2657}
		{C1348122-76E9-4B09-BED5-861F95464A2F} = {577C526F-B3ED-4B0F-BD59-A1530ADA2657}
		{397C0E44-C163-46BB-A66F-72D21769655D} = {577C526F-B3ED-4B0F-BD59-A1530ADA2657}
		{044E2EAD-2615-4893-9368-818DB7AB8701} = {577C526F-B3ED-4B0F-BD59-A1530ADA2657}
	EndGlobalSection
EndGlobal
