
Microsoft Visual Studio Solution File, Format Version 12.00
# Visual Studio Version 16
VisualStudioVersion = 16.0.31702.278
MinimumVisualStudioVersion = 10.0.40219.1
Project("{9A19103F-16F7-4668-BE54-9A1E7A4F7556}") = "AdventOfCode", "2021\AdventOfCode\AdventOfCode.csproj", "{044360D9-148A-4D06-8904-DB7D14A3E828}"
EndProject
Project("{FAE04EC0-301F-11D3-BF4B-00C04F79EFBC}") = "Day05Plot", "2021\Day05Plot\Day05Plot.csproj", "{92E9CE25-A86B-47E7-93BC-32A4961304F8}"
EndProject
Project("{FAE04EC0-301F-11D3-BF4B-00C04F79EFBC}") = "Day06", "2021\Day06\Day06.csproj", "{A7B05D1D-E61B-4CE7-986C-07E0EC051938}"
EndProject
Project("{FAE04EC0-301F-11D3-BF4B-00C04F79EFBC}") = "Day07", "2021\Day07\Day07.csproj", "{CC6772FB-50D3-47A0-930C-D0560660ADA2}"
EndProject
Project("{FAE04EC0-301F-11D3-BF4B-00C04F79EFBC}") = "Day1", "2020\Day1\Day1.csproj", "{513B8CCA-7E08-4140-8A3F-177A231D7B4E}"
EndProject
Project("{2150E333-8FDC-42A3-9474-1A3956D46DE8}") = "2020", "2020", "{2FB13BFF-BCDB-4D66-BB2C-6D9F6432F071}"
EndProject
Project("{FAE04EC0-301F-11D3-BF4B-00C04F79EFBC}") = "Day2", "2020\Day2\Day2.csproj", "{F89B5329-AF3F-4798-B3F1-D6A3DA96C4E1}"
EndProject
Project("{FAE04EC0-301F-11D3-BF4B-00C04F79EFBC}") = "Day3", "2020\Day3\Day3.csproj", "{333AF652-5A04-4300-AF54-AF8AE89705D2}"
EndProject
Project("{2150E333-8FDC-42A3-9474-1A3956D46DE8}") = "2021", "2021", "{577C526F-B3ED-4B0F-BD59-A1530ADA2657}"
EndProject
Project("{FAE04EC0-301F-11D3-BF4B-00C04F79EFBC}") = "Day08", "2021\Day08\Day08.csproj", "{EC12432F-E671-4EB8-AE1D-841D1126014E}"
EndProject
Project("{FAE04EC0-301F-11D3-BF4B-00C04F79EFBC}") = "Day09", "2021\Day09\Day09.csproj", "{9555DA3E-FFCF-41F3-9D53-41ED6ABA414C}"
EndProject
Project("{FAE04EC0-301F-11D3-BF4B-00C04F79EFBC}") = "Day10", "2021\Day10\Day10.csproj", "{D574F71D-B966-44EC-983B-F8C761B2C0B6}"
EndProject
Project("{FAE04EC0-301F-11D3-BF4B-00C04F79EFBC}") = "Day08Jpp", "2021\Day08Jpp\Day08Jpp.csproj", "{18A32884-9515-4532-AF81-E3082542F837}"
EndProject
Project("{FAE04EC0-301F-11D3-BF4B-00C04F79EFBC}") = "Day11", "2021\Day11\Day11.csproj", "{3E82B516-5C5A-4D4D-8959-14B687FB7C61}"
EndProject
Global
	GlobalSection(SolutionConfigurationPlatforms) = preSolution
		Debug|Any CPU = Debug|Any CPU
		Release|Any CPU = Release|Any CPU
	EndGlobalSection
	GlobalSection(ProjectConfigurationPlatforms) = postSolution
		{044360D9-148A-4D06-8904-DB7D14A3E828}.Debug|Any CPU.ActiveCfg = Debug|Any CPU
		{044360D9-148A-4D06-8904-DB7D14A3E828}.Debug|Any CPU.Build.0 = Debug|Any CPU
		{044360D9-148A-4D06-8904-DB7D14A3E828}.Release|Any CPU.ActiveCfg = Release|Any CPU
		{044360D9-148A-4D06-8904-DB7D14A3E828}.Release|Any CPU.Build.0 = Release|Any CPU
		{92E9CE25-A86B-47E7-93BC-32A4961304F8}.Debug|Any CPU.ActiveCfg = Debug|Any CPU
		{92E9CE25-A86B-47E7-93BC-32A4961304F8}.Debug|Any CPU.Build.0 = Debug|Any CPU
		{92E9CE25-A86B-47E7-93BC-32A4961304F8}.Release|Any CPU.ActiveCfg = Release|Any CPU
		{92E9CE25-A86B-47E7-93BC-32A4961304F8}.Release|Any CPU.Build.0 = Release|Any CPU
		{A7B05D1D-E61B-4CE7-986C-07E0EC051938}.Debug|Any CPU.ActiveCfg = Debug|Any CPU
		{A7B05D1D-E61B-4CE7-986C-07E0EC051938}.Debug|Any CPU.Build.0 = Debug|Any CPU
		{A7B05D1D-E61B-4CE7-986C-07E0EC051938}.Release|Any CPU.ActiveCfg = Release|Any CPU
		{A7B05D1D-E61B-4CE7-986C-07E0EC051938}.Release|Any CPU.Build.0 = Release|Any CPU
		{CC6772FB-50D3-47A0-930C-D0560660ADA2}.Debug|Any CPU.ActiveCfg = Debug|Any CPU
		{CC6772FB-50D3-47A0-930C-D0560660ADA2}.Debug|Any CPU.Build.0 = Debug|Any CPU
		{CC6772FB-50D3-47A0-930C-D0560660ADA2}.Release|Any CPU.ActiveCfg = Release|Any CPU
		{CC6772FB-50D3-47A0-930C-D0560660ADA2}.Release|Any CPU.Build.0 = Release|Any CPU
		{513B8CCA-7E08-4140-8A3F-177A231D7B4E}.Debug|Any CPU.ActiveCfg = Debug|Any CPU
		{513B8CCA-7E08-4140-8A3F-177A231D7B4E}.Debug|Any CPU.Build.0 = Debug|Any CPU
		{513B8CCA-7E08-4140-8A3F-177A231D7B4E}.Release|Any CPU.ActiveCfg = Release|Any CPU
		{513B8CCA-7E08-4140-8A3F-177A231D7B4E}.Release|Any CPU.Build.0 = Release|Any CPU
		{F89B5329-AF3F-4798-B3F1-D6A3DA96C4E1}.Debug|Any CPU.ActiveCfg = Debug|Any CPU
		{F89B5329-AF3F-4798-B3F1-D6A3DA96C4E1}.Debug|Any CPU.Build.0 = Debug|Any CPU
		{F89B5329-AF3F-4798-B3F1-D6A3DA96C4E1}.Release|Any CPU.ActiveCfg = Release|Any CPU
		{F89B5329-AF3F-4798-B3F1-D6A3DA96C4E1}.Release|Any CPU.Build.0 = Release|Any CPU
		{333AF652-5A04-4300-AF54-AF8AE89705D2}.Debug|Any CPU.ActiveCfg = Debug|Any CPU
		{333AF652-5A04-4300-AF54-AF8AE89705D2}.Debug|Any CPU.Build.0 = Debug|Any CPU
		{333AF652-5A04-4300-AF54-AF8AE89705D2}.Release|Any CPU.ActiveCfg = Release|Any CPU
		{333AF652-5A04-4300-AF54-AF8AE89705D2}.Release|Any CPU.Build.0 = Release|Any CPU
		{EC12432F-E671-4EB8-AE1D-841D1126014E}.Debug|Any CPU.ActiveCfg = Debug|Any CPU
		{EC12432F-E671-4EB8-AE1D-841D1126014E}.Debug|Any CPU.Build.0 = Debug|Any CPU
		{EC12432F-E671-4EB8-AE1D-841D1126014E}.Release|Any CPU.ActiveCfg = Release|Any CPU
		{EC12432F-E671-4EB8-AE1D-841D1126014E}.Release|Any CPU.Build.0 = Release|Any CPU
		{9555DA3E-FFCF-41F3-9D53-41ED6ABA414C}.Debug|Any CPU.ActiveCfg = Debug|Any CPU
		{9555DA3E-FFCF-41F3-9D53-41ED6ABA414C}.Debug|Any CPU.Build.0 = Debug|Any CPU
		{9555DA3E-FFCF-41F3-9D53-41ED6ABA414C}.Release|Any CPU.ActiveCfg = Release|Any CPU
		{9555DA3E-FFCF-41F3-9D53-41ED6ABA414C}.Release|Any CPU.Build.0 = Release|Any CPU
		{D574F71D-B966-44EC-983B-F8C761B2C0B6}.Debug|Any CPU.ActiveCfg = Debug|Any CPU
		{D574F71D-B966-44EC-983B-F8C761B2C0B6}.Debug|Any CPU.Build.0 = Debug|Any CPU
		{D574F71D-B966-44EC-983B-F8C761B2C0B6}.Release|Any CPU.ActiveCfg = Release|Any CPU
		{D574F71D-B966-44EC-983B-F8C761B2C0B6}.Release|Any CPU.Build.0 = Release|Any CPU
		{18A32884-9515-4532-AF81-E3082542F837}.Debug|Any CPU.ActiveCfg = Debug|Any CPU
		{18A32884-9515-4532-AF81-E3082542F837}.Debug|Any CPU.Build.0 = Debug|Any CPU
		{18A32884-9515-4532-AF81-E3082542F837}.Release|Any CPU.ActiveCfg = Release|Any CPU
		{18A32884-9515-4532-AF81-E3082542F837}.Release|Any CPU.Build.0 = Release|Any CPU
		{3E82B516-5C5A-4D4D-8959-14B687FB7C61}.Debug|Any CPU.ActiveCfg = Debug|Any CPU
		{3E82B516-5C5A-4D4D-8959-14B687FB7C61}.Debug|Any CPU.Build.0 = Debug|Any CPU
		{3E82B516-5C5A-4D4D-8959-14B687FB7C61}.Release|Any CPU.ActiveCfg = Release|Any CPU
		{3E82B516-5C5A-4D4D-8959-14B687FB7C61}.Release|Any CPU.Build.0 = Release|Any CPU
	EndGlobalSection
	GlobalSection(SolutionProperties) = preSolution
		HideSolutionNode = FALSE
	EndGlobalSection
	GlobalSection(ExtensibilityGlobals) = postSolution
		SolutionGuid = {199A9D17-063B-4C30-AA08-2F90CEE53AD6}
	EndGlobalSection
	GlobalSection(NestedProjects) = preSolution
		{513B8CCA-7E08-4140-8A3F-177A231D7B4E} = {2FB13BFF-BCDB-4D66-BB2C-6D9F6432F071}
		{F89B5329-AF3F-4798-B3F1-D6A3DA96C4E1} = {2FB13BFF-BCDB-4D66-BB2C-6D9F6432F071}
		{333AF652-5A04-4300-AF54-AF8AE89705D2} = {2FB13BFF-BCDB-4D66-BB2C-6D9F6432F071}
		{044360D9-148A-4D06-8904-DB7D14A3E828} = {577C526F-B3ED-4B0F-BD59-A1530ADA2657}
		{92E9CE25-A86B-47E7-93BC-32A4961304F8} = {577C526F-B3ED-4B0F-BD59-A1530ADA2657}
		{A7B05D1D-E61B-4CE7-986C-07E0EC051938} = {577C526F-B3ED-4B0F-BD59-A1530ADA2657}
		{CC6772FB-50D3-47A0-930C-D0560660ADA2} = {577C526F-B3ED-4B0F-BD59-A1530ADA2657}
		{EC12432F-E671-4EB8-AE1D-841D1126014E} = {577C526F-B3ED-4B0F-BD59-A1530ADA2657}
		{9555DA3E-FFCF-41F3-9D53-41ED6ABA414C} = {577C526F-B3ED-4B0F-BD59-A1530ADA2657}
		{D574F71D-B966-44EC-983B-F8C761B2C0B6} = {577C526F-B3ED-4B0F-BD59-A1530ADA2657}
		{18A32884-9515-4532-AF81-E3082542F837} = {577C526F-B3ED-4B0F-BD59-A1530ADA2657}
		{3E82B516-5C5A-4D4D-8959-14B687FB7C61} = {577C526F-B3ED-4B0F-BD59-A1530ADA2657}
	EndGlobalSection
EndGlobal
